
Microsoft Visual Studio Solution File, Format Version 12.00
# Visual Studio Version 16
VisualStudioVersion = 16.0.29806.167
MinimumVisualStudioVersion = 10.0.40219.1
Project("{F184B08F-C81C-45F6-A57F-5ABD9991F28F}") = "TestDataTable", "TestDataTable\TestDataTable.vbproj", "{E09914F7-D24F-46D3-909D-6E51C3B9A484}"
EndProject
Global
	GlobalSection(SolutionConfigurationPlatforms) = preSolution
		Debug|Any CPU = Debug|Any CPU
		Release|Any CPU = Release|Any CPU
	EndGlobalSection
	GlobalSection(ProjectConfigurationPlatforms) = postSolution
		{E09914F7-D24F-46D3-909D-6E51C3B9A484}.Debug|Any CPU.ActiveCfg = Debug|Any CPU
		{E09914F7-D24F-46D3-909D-6E51C3B9A484}.Debug|Any CPU.Build.0 = Debug|Any CPU
		{E09914F7-D24F-46D3-909D-6E51C3B9A484}.Release|Any CPU.ActiveCfg = Release|Any CPU
		{E09914F7-D24F-46D3-909D-6E51C3B9A484}.Release|Any CPU.Build.0 = Release|Any CPU
	EndGlobalSection
	GlobalSection(SolutionProperties) = preSolution
		HideSolutionNode = FALSE
	EndGlobalSection
	GlobalSection(ExtensibilityGlobals) = postSolution
		SolutionGuid = {FEC544A1-83C0-407C-91A1-D780121FE585}
	EndGlobalSection
EndGlobal
