
Microsoft Visual Studio Solution File, Format Version 12.00
# Visual Studio Version 16
VisualStudioVersion = 16.0.29911.84
MinimumVisualStudioVersion = 10.0.40219.1
Project("{F184B08F-C81C-45F6-A57F-5ABD9991F28F}") = "HowGreenIsMyAlley", "HowGreenIsMyAlley\HowGreenIsMyAlley.vbproj", "{EA61EB59-9213-4D0F-AB10-20575F16DAFC}"
EndProject
Global
	GlobalSection(SolutionConfigurationPlatforms) = preSolution
		Debug|Any CPU = Debug|Any CPU
		Release|Any CPU = Release|Any CPU
	EndGlobalSection
	GlobalSection(ProjectConfigurationPlatforms) = postSolution
		{EA61EB59-9213-4D0F-AB10-20575F16DAFC}.Debug|Any CPU.ActiveCfg = Debug|Any CPU
		{EA61EB59-9213-4D0F-AB10-20575F16DAFC}.Debug|Any CPU.Build.0 = Debug|Any CPU
		{EA61EB59-9213-4D0F-AB10-20575F16DAFC}.Release|Any CPU.ActiveCfg = Release|Any CPU
		{EA61EB59-9213-4D0F-AB10-20575F16DAFC}.Release|Any CPU.Build.0 = Release|Any CPU
	EndGlobalSection
	GlobalSection(SolutionProperties) = preSolution
		HideSolutionNode = FALSE
	EndGlobalSection
	GlobalSection(ExtensibilityGlobals) = postSolution
		SolutionGuid = {55054291-6137-4807-A639-C32A57FB80A9}
	EndGlobalSection
EndGlobal
